
Microsoft Visual Studio Solution File, Format Version 12.00
# Visual Studio Version 16
VisualStudioVersion = 16.0.31410.357
MinimumVisualStudioVersion = 10.0.40219.1
Project("{8BC9CEB8-8B4A-11D0-8D11-00A0C91BC942}") = "Project_[23.09.2021]", "Project_[23.09.2021]\Project_[23.09.2021].vcxproj", "{BA7FD41A-9DCF-4A24-9C84-28FDB42C62F0}"
EndProject
Global
	GlobalSection(SolutionConfigurationPlatforms) = preSolution
		Debug|x64 = Debug|x64
		Debug|x86 = Debug|x86
		Release|x64 = Release|x64
		Release|x86 = Release|x86
	EndGlobalSection
	GlobalSection(ProjectConfigurationPlatforms) = postSolution
		{BA7FD41A-9DCF-4A24-9C84-28FDB42C62F0}.Debug|x64.ActiveCfg = Debug|x64
		{BA7FD41A-9DCF-4A24-9C84-28FDB42C62F0}.Debug|x64.Build.0 = Debug|x64
		{BA7FD41A-9DCF-4A24-9C84-28FDB42C62F0}.Debug|x86.ActiveCfg = Debug|Win32
		{BA7FD41A-9DCF-4A24-9C84-28FDB42C62F0}.Debug|x86.Build.0 = Debug|Win32
		{BA7FD41A-9DCF-4A24-9C84-28FDB42C62F0}.Release|x64.ActiveCfg = Release|x64
		{BA7FD41A-9DCF-4A24-9C84-28FDB42C62F0}.Release|x64.Build.0 = Release|x64
		{BA7FD41A-9DCF-4A24-9C84-28FDB42C62F0}.Release|x86.ActiveCfg = Release|Win32
		{BA7FD41A-9DCF-4A24-9C84-28FDB42C62F0}.Release|x86.Build.0 = Release|Win32
	EndGlobalSection
	GlobalSection(SolutionProperties) = preSolution
		HideSolutionNode = FALSE
	EndGlobalSection
	GlobalSection(ExtensibilityGlobals) = postSolution
		SolutionGuid = {AE2A1CE4-2678-479E-B320-8E640CD14FF5}
	EndGlobalSection
EndGlobal
